
Microsoft Visual Studio Solution File, Format Version 12.00
# Visual Studio 15
VisualStudioVersion = 15.0.28307.757
MinimumVisualStudioVersion = 10.0.40219.1
Project("{FAE04EC0-301F-11D3-BF4B-00C04F79EFBC}") = "TestEmguCV", "TestEmguCV\TestEmguCV.csproj", "{ED89734C-B40E-443E-A3DE-EC8CC8622B5D}"
EndProject
Global
	GlobalSection(SolutionConfigurationPlatforms) = preSolution
		Debug|Any CPU = Debug|Any CPU
		Debug|x64 = Debug|x64
		Debug|x86 = Debug|x86
		Release|Any CPU = Release|Any CPU
		Release|x64 = Release|x64
		Release|x86 = Release|x86
	EndGlobalSection
	GlobalSection(ProjectConfigurationPlatforms) = postSolution
		{ED89734C-B40E-443E-A3DE-EC8CC8622B5D}.Debug|Any CPU.ActiveCfg = Debug|Any CPU
		{ED89734C-B40E-443E-A3DE-EC8CC8622B5D}.Debug|Any CPU.Build.0 = Debug|Any CPU
		{ED89734C-B40E-443E-A3DE-EC8CC8622B5D}.Debug|x64.ActiveCfg = Debug|x64
		{ED89734C-B40E-443E-A3DE-EC8CC8622B5D}.Debug|x64.Build.0 = Debug|x64
		{ED89734C-B40E-443E-A3DE-EC8CC8622B5D}.Debug|x86.ActiveCfg = Debug|x86
		{ED89734C-B40E-443E-A3DE-EC8CC8622B5D}.Debug|x86.Build.0 = Debug|x86
		{ED89734C-B40E-443E-A3DE-EC8CC8622B5D}.Release|Any CPU.ActiveCfg = Release|Any CPU
		{ED89734C-B40E-443E-A3DE-EC8CC8622B5D}.Release|Any CPU.Build.0 = Release|Any CPU
		{ED89734C-B40E-443E-A3DE-EC8CC8622B5D}.Release|x64.ActiveCfg = Release|x64
		{ED89734C-B40E-443E-A3DE-EC8CC8622B5D}.Release|x64.Build.0 = Release|x64
		{ED89734C-B40E-443E-A3DE-EC8CC8622B5D}.Release|x86.ActiveCfg = Release|x86
		{ED89734C-B40E-443E-A3DE-EC8CC8622B5D}.Release|x86.Build.0 = Release|x86
	EndGlobalSection
	GlobalSection(SolutionProperties) = preSolution
		HideSolutionNode = FALSE
	EndGlobalSection
	GlobalSection(ExtensibilityGlobals) = postSolution
		SolutionGuid = {518D23EE-0798-4EE0-979D-9DCE99A149F6}
	EndGlobalSection
EndGlobal
